
Microsoft Visual Studio Solution File, Format Version 12.00
# Visual Studio Version 17
VisualStudioVersion = 17.4.33213.308
MinimumVisualStudioVersion = 10.0.40219.1
Project("{9A19103F-16F7-4668-BE54-9A1E7A4F7556}") = "CourseWorkWpf", "CourseWorkWpf\CourseWorkWpf.csproj", "{5C2501E3-C268-43D2-9F53-668341741BD7}"
EndProject
Global
	GlobalSection(SolutionConfigurationPlatforms) = preSolution
		Debug|Any CPU = Debug|Any CPU
		Release|Any CPU = Release|Any CPU
	EndGlobalSection
	GlobalSection(ProjectConfigurationPlatforms) = postSolution
		{5C2501E3-C268-43D2-9F53-668341741BD7}.Debug|Any CPU.ActiveCfg = Debug|Any CPU
		{5C2501E3-C268-43D2-9F53-668341741BD7}.Debug|Any CPU.Build.0 = Debug|Any CPU
		{5C2501E3-C268-43D2-9F53-668341741BD7}.Release|Any CPU.ActiveCfg = Release|Any CPU
		{5C2501E3-C268-43D2-9F53-668341741BD7}.Release|Any CPU.Build.0 = Release|Any CPU
	EndGlobalSection
	GlobalSection(SolutionProperties) = preSolution
		HideSolutionNode = FALSE
	EndGlobalSection
	GlobalSection(ExtensibilityGlobals) = postSolution
		SolutionGuid = {30CBDF4A-EAE0-4FBE-B2FD-B30D8F7E23B3}
	EndGlobalSection
EndGlobal
